
Microsoft Visual Studio Solution File, Format Version 12.00
# Visual Studio Version 17
VisualStudioVersion = 17.14.36603.0
MinimumVisualStudioVersion = 10.0.40219.1
Project("{FAE04EC0-301F-11D3-BF4B-00C04F79EFBC}") = "WSPR_Live", "WSPR_Live.csproj", "{1227D183-E704-4F26-9CD4-E58364EF7917}"
EndProject
Project("{54435603-DBB4-11D2-8724-00A0C9A8B90C}") = "WSPR_Sked_Live", "..\WSPR_Sked_Live\WSPR_Sked_Live.vdproj", "{349902EB-6A3F-AD37-BC8D-9D60BB98BC37}"
EndProject
Global
	GlobalSection(SolutionConfigurationPlatforms) = preSolution
		Debug|Any CPU = Debug|Any CPU
		Release|Any CPU = Release|Any CPU
	EndGlobalSection
	GlobalSection(ProjectConfigurationPlatforms) = postSolution
		{1227D183-E704-4F26-9CD4-E58364EF7917}.Debug|Any CPU.ActiveCfg = Debug|Any CPU
		{1227D183-E704-4F26-9CD4-E58364EF7917}.Debug|Any CPU.Build.0 = Debug|Any CPU
		{1227D183-E704-4F26-9CD4-E58364EF7917}.Release|Any CPU.ActiveCfg = Release|Any CPU
		{1227D183-E704-4F26-9CD4-E58364EF7917}.Release|Any CPU.Build.0 = Release|Any CPU
		{349902EB-6A3F-AD37-BC8D-9D60BB98BC37}.Debug|Any CPU.ActiveCfg = Debug
		{349902EB-6A3F-AD37-BC8D-9D60BB98BC37}.Release|Any CPU.ActiveCfg = Release
	EndGlobalSection
	GlobalSection(SolutionProperties) = preSolution
		HideSolutionNode = FALSE
	EndGlobalSection
	GlobalSection(ExtensibilityGlobals) = postSolution
		SolutionGuid = {3B21A1BB-C7AD-43F1-BD42-A114754AABFB}
	EndGlobalSection
EndGlobal
